
Microsoft Visual Studio Solution File, Format Version 12.00
# Visual Studio Version 16
VisualStudioVersion = 16.0.31005.135
MinimumVisualStudioVersion = 10.0.40219.1
Project("{9A19103F-16F7-4668-BE54-9A1E7A4F7556}") = "WarCroft", "01_Structure_Skeleton\DungeonsAndCodeWizards\WarCroft.csproj", "{79B897B2-AD12-412B-A0C9-BFCFFEF9E6CD}"
EndProject
Global
	GlobalSection(SolutionConfigurationPlatforms) = preSolution
		Debug|Any CPU = Debug|Any CPU
		Release|Any CPU = Release|Any CPU
	EndGlobalSection
	GlobalSection(ProjectConfigurationPlatforms) = postSolution
		{79B897B2-AD12-412B-A0C9-BFCFFEF9E6CD}.Debug|Any CPU.ActiveCfg = Debug|Any CPU
		{79B897B2-AD12-412B-A0C9-BFCFFEF9E6CD}.Debug|Any CPU.Build.0 = Debug|Any CPU
		{79B897B2-AD12-412B-A0C9-BFCFFEF9E6CD}.Release|Any CPU.ActiveCfg = Release|Any CPU
		{79B897B2-AD12-412B-A0C9-BFCFFEF9E6CD}.Release|Any CPU.Build.0 = Release|Any CPU
	EndGlobalSection
	GlobalSection(SolutionProperties) = preSolution
		HideSolutionNode = FALSE
	EndGlobalSection
	GlobalSection(ExtensibilityGlobals) = postSolution
		SolutionGuid = {D16F537B-6DF5-4AAC-B506-9952912332E2}
	EndGlobalSection
EndGlobal
