
Microsoft Visual Studio Solution File, Format Version 12.00
# Visual Studio Version 16
VisualStudioVersion = 16.0.30907.101
MinimumVisualStudioVersion = 10.0.40219.1
Project("{9A19103F-16F7-4668-BE54-9A1E7A4F7556}") = "P01_Shapes", "P01_Shapes\P01_Shapes.csproj", "{EC91CA45-4290-445C-8461-3EC1EEF2B381}"
EndProject
Project("{9A19103F-16F7-4668-BE54-9A1E7A4F7556}") = "P02_Cars", "P02_Cars\P02_Cars.csproj", "{7C261736-4A8A-45E1-9616-DC58D0ADCA67}"
EndProject
Global
	GlobalSection(SolutionConfigurationPlatforms) = preSolution
		Debug|Any CPU = Debug|Any CPU
		Release|Any CPU = Release|Any CPU
	EndGlobalSection
	GlobalSection(ProjectConfigurationPlatforms) = postSolution
		{EC91CA45-4290-445C-8461-3EC1EEF2B381}.Debug|Any CPU.ActiveCfg = Debug|Any CPU
		{EC91CA45-4290-445C-8461-3EC1EEF2B381}.Debug|Any CPU.Build.0 = Debug|Any CPU
		{EC91CA45-4290-445C-8461-3EC1EEF2B381}.Release|Any CPU.ActiveCfg = Release|Any CPU
		{EC91CA45-4290-445C-8461-3EC1EEF2B381}.Release|Any CPU.Build.0 = Release|Any CPU
		{7C261736-4A8A-45E1-9616-DC58D0ADCA67}.Debug|Any CPU.ActiveCfg = Debug|Any CPU
		{7C261736-4A8A-45E1-9616-DC58D0ADCA67}.Debug|Any CPU.Build.0 = Debug|Any CPU
		{7C261736-4A8A-45E1-9616-DC58D0ADCA67}.Release|Any CPU.ActiveCfg = Release|Any CPU
		{7C261736-4A8A-45E1-9616-DC58D0ADCA67}.Release|Any CPU.Build.0 = Release|Any CPU
	EndGlobalSection
	GlobalSection(SolutionProperties) = preSolution
		HideSolutionNode = FALSE
	EndGlobalSection
	GlobalSection(ExtensibilityGlobals) = postSolution
		SolutionGuid = {08F93044-175C-4251-8ED1-896148ABBBE1}
	EndGlobalSection
EndGlobal
