
Microsoft Visual Studio Solution File, Format Version 12.00
# Visual Studio Version 16
VisualStudioVersion = 16.0.30907.101
MinimumVisualStudioVersion = 10.0.40219.1
Project("{FAE04EC0-301F-11D3-BF4B-00C04F79EFBC}") = "P01_Define_an_Interface_IPerson", "P01_Define_an_Interface_IPerson\P01_Define_an_Interface_IPerson.csproj", "{8AB9A1F0-1F85-4202-BEA4-89E9214E60B6}"
EndProject
Project("{FAE04EC0-301F-11D3-BF4B-00C04F79EFBC}") = "P02_Multiple_Implementation", "P02_Multiple_Implementation\P02_Multiple_Implementation.csproj", "{2E52F9F2-9EFB-4C42-89E2-0E2FCFB5C8E4}"
EndProject
Global
	GlobalSection(SolutionConfigurationPlatforms) = preSolution
		Debug|Any CPU = Debug|Any CPU
		Release|Any CPU = Release|Any CPU
	EndGlobalSection
	GlobalSection(ProjectConfigurationPlatforms) = postSolution
		{8AB9A1F0-1F85-4202-BEA4-89E9214E60B6}.Debug|Any CPU.ActiveCfg = Debug|Any CPU
		{8AB9A1F0-1F85-4202-BEA4-89E9214E60B6}.Debug|Any CPU.Build.0 = Debug|Any CPU
		{8AB9A1F0-1F85-4202-BEA4-89E9214E60B6}.Release|Any CPU.ActiveCfg = Release|Any CPU
		{8AB9A1F0-1F85-4202-BEA4-89E9214E60B6}.Release|Any CPU.Build.0 = Release|Any CPU
		{2E52F9F2-9EFB-4C42-89E2-0E2FCFB5C8E4}.Debug|Any CPU.ActiveCfg = Debug|Any CPU
		{2E52F9F2-9EFB-4C42-89E2-0E2FCFB5C8E4}.Debug|Any CPU.Build.0 = Debug|Any CPU
		{2E52F9F2-9EFB-4C42-89E2-0E2FCFB5C8E4}.Release|Any CPU.ActiveCfg = Release|Any CPU
		{2E52F9F2-9EFB-4C42-89E2-0E2FCFB5C8E4}.Release|Any CPU.Build.0 = Release|Any CPU
	EndGlobalSection
	GlobalSection(SolutionProperties) = preSolution
		HideSolutionNode = FALSE
	EndGlobalSection
	GlobalSection(ExtensibilityGlobals) = postSolution
		SolutionGuid = {2A852176-17BC-4910-961B-FDE47543800D}
	EndGlobalSection
EndGlobal
