
Microsoft Visual Studio Solution File, Format Version 12.00
# Visual Studio Version 16
VisualStudioVersion = 16.0.31005.135
MinimumVisualStudioVersion = 10.0.40219.1
Project("{9A19103F-16F7-4668-BE54-9A1E7A4F7556}") = "P01_Test_Axe", "P01_Test_Axe\P01_Test_Axe.csproj", "{5C716C39-E58B-4CE7-81C7-A7E8C2D45B74}"
EndProject
Project("{9A19103F-16F7-4668-BE54-9A1E7A4F7556}") = "P02_Dummy_Tests", "P02_Dummy_Tests\P02_Dummy_Tests.csproj", "{2FE19330-2A10-4696-9ECF-B031EB109C50}"
EndProject
Project("{FAE04EC0-301F-11D3-BF4B-00C04F79EFBC}") = "P03_MyTestDemos.App", "P03_My_Demos\P03_MyTestDemos.App.csproj", "{5886FDAE-5774-4166-9705-93BF9E646F62}"
EndProject
Project("{FAE04EC0-301F-11D3-BF4B-00C04F79EFBC}") = "P03_MyTestDemos.Tests", "P03.MyTestDemos.Tests\P03_MyTestDemos.Tests.csproj", "{8D78CC93-80B6-43D8-BBF4-4FC3CA2FD324}"
EndProject
Global
	GlobalSection(SolutionConfigurationPlatforms) = preSolution
		Debug|Any CPU = Debug|Any CPU
		Release|Any CPU = Release|Any CPU
	EndGlobalSection
	GlobalSection(ProjectConfigurationPlatforms) = postSolution
		{5C716C39-E58B-4CE7-81C7-A7E8C2D45B74}.Debug|Any CPU.ActiveCfg = Debug|Any CPU
		{5C716C39-E58B-4CE7-81C7-A7E8C2D45B74}.Debug|Any CPU.Build.0 = Debug|Any CPU
		{5C716C39-E58B-4CE7-81C7-A7E8C2D45B74}.Release|Any CPU.ActiveCfg = Release|Any CPU
		{5C716C39-E58B-4CE7-81C7-A7E8C2D45B74}.Release|Any CPU.Build.0 = Release|Any CPU
		{2FE19330-2A10-4696-9ECF-B031EB109C50}.Debug|Any CPU.ActiveCfg = Debug|Any CPU
		{2FE19330-2A10-4696-9ECF-B031EB109C50}.Debug|Any CPU.Build.0 = Debug|Any CPU
		{2FE19330-2A10-4696-9ECF-B031EB109C50}.Release|Any CPU.ActiveCfg = Release|Any CPU
		{2FE19330-2A10-4696-9ECF-B031EB109C50}.Release|Any CPU.Build.0 = Release|Any CPU
		{5886FDAE-5774-4166-9705-93BF9E646F62}.Debug|Any CPU.ActiveCfg = Debug|Any CPU
		{5886FDAE-5774-4166-9705-93BF9E646F62}.Debug|Any CPU.Build.0 = Debug|Any CPU
		{5886FDAE-5774-4166-9705-93BF9E646F62}.Release|Any CPU.ActiveCfg = Release|Any CPU
		{5886FDAE-5774-4166-9705-93BF9E646F62}.Release|Any CPU.Build.0 = Release|Any CPU
		{8D78CC93-80B6-43D8-BBF4-4FC3CA2FD324}.Debug|Any CPU.ActiveCfg = Debug|Any CPU
		{8D78CC93-80B6-43D8-BBF4-4FC3CA2FD324}.Debug|Any CPU.Build.0 = Debug|Any CPU
		{8D78CC93-80B6-43D8-BBF4-4FC3CA2FD324}.Release|Any CPU.ActiveCfg = Release|Any CPU
		{8D78CC93-80B6-43D8-BBF4-4FC3CA2FD324}.Release|Any CPU.Build.0 = Release|Any CPU
	EndGlobalSection
	GlobalSection(SolutionProperties) = preSolution
		HideSolutionNode = FALSE
	EndGlobalSection
	GlobalSection(ExtensibilityGlobals) = postSolution
		SolutionGuid = {C3E08B66-3853-4679-BB77-4041936A4142}
	EndGlobalSection
EndGlobal
