
Microsoft Visual Studio Solution File, Format Version 12.00
# Visual Studio Version 16
VisualStudioVersion = 16.0.31005.135
MinimumVisualStudioVersion = 10.0.40219.1
Project("{9A19103F-16F7-4668-BE54-9A1E7A4F7556}") = "Database", "Database\Database.csproj", "{CED0FD88-8524-4853-97D3-4B3A11A3E77A}"
EndProject
Project("{9A19103F-16F7-4668-BE54-9A1E7A4F7556}") = "Database.Tests", "Database.Tests\Database.Tests.csproj", "{8263C567-2447-4034-BE65-01F73C2EC07D}"
EndProject
Project("{9A19103F-16F7-4668-BE54-9A1E7A4F7556}") = "DatabaseExtended", "DatabaseExtended\DatabaseExtended.csproj", "{A6203E56-0E59-4540-9442-CB3E038127E5}"
EndProject
Project("{9A19103F-16F7-4668-BE54-9A1E7A4F7556}") = "DatabaseExtended.Tests", "DatabaseExtended.Tests\DatabaseExtended.Tests.csproj", "{438CAE57-B976-4DE2-834A-3FACD19CEEF5}"
EndProject
Project("{9A19103F-16F7-4668-BE54-9A1E7A4F7556}") = "FightingArena", "FightingArena\FightingArena.csproj", "{184B1E9F-0D75-4B3D-82C2-983401A20159}"
EndProject
Project("{9A19103F-16F7-4668-BE54-9A1E7A4F7556}") = "FightingArena.Tests", "FightingArena.Tests\FightingArena.Tests.csproj", "{55AA38C8-7D08-489C-A8BF-BA0B0F73C195}"
EndProject
Project("{9A19103F-16F7-4668-BE54-9A1E7A4F7556}") = "CarManager", "CarManager\CarManager.csproj", "{ED5206B1-5549-4608-AC8D-10C44D50787E}"
EndProject
Project("{9A19103F-16F7-4668-BE54-9A1E7A4F7556}") = "CarManager.Tests", "CarManager.Tests\CarManager.Tests.csproj", "{69BFBC5A-7AEB-44C7-9121-FA9F06A76D23}"
EndProject
Project("{FAE04EC0-301F-11D3-BF4B-00C04F79EFBC}") = "Demo_Tests", "Demo_Tests\Demo_Tests.csproj", "{A7A391F7-35C3-490F-B8CA-BA8327E79241}"
EndProject
Global
	GlobalSection(SolutionConfigurationPlatforms) = preSolution
		Debug|Any CPU = Debug|Any CPU
		Release|Any CPU = Release|Any CPU
	EndGlobalSection
	GlobalSection(ProjectConfigurationPlatforms) = postSolution
		{CED0FD88-8524-4853-97D3-4B3A11A3E77A}.Debug|Any CPU.ActiveCfg = Debug|Any CPU
		{CED0FD88-8524-4853-97D3-4B3A11A3E77A}.Debug|Any CPU.Build.0 = Debug|Any CPU
		{CED0FD88-8524-4853-97D3-4B3A11A3E77A}.Release|Any CPU.ActiveCfg = Release|Any CPU
		{CED0FD88-8524-4853-97D3-4B3A11A3E77A}.Release|Any CPU.Build.0 = Release|Any CPU
		{8263C567-2447-4034-BE65-01F73C2EC07D}.Debug|Any CPU.ActiveCfg = Debug|Any CPU
		{8263C567-2447-4034-BE65-01F73C2EC07D}.Debug|Any CPU.Build.0 = Debug|Any CPU
		{8263C567-2447-4034-BE65-01F73C2EC07D}.Release|Any CPU.ActiveCfg = Release|Any CPU
		{8263C567-2447-4034-BE65-01F73C2EC07D}.Release|Any CPU.Build.0 = Release|Any CPU
		{A6203E56-0E59-4540-9442-CB3E038127E5}.Debug|Any CPU.ActiveCfg = Debug|Any CPU
		{A6203E56-0E59-4540-9442-CB3E038127E5}.Debug|Any CPU.Build.0 = Debug|Any CPU
		{A6203E56-0E59-4540-9442-CB3E038127E5}.Release|Any CPU.ActiveCfg = Release|Any CPU
		{A6203E56-0E59-4540-9442-CB3E038127E5}.Release|Any CPU.Build.0 = Release|Any CPU
		{438CAE57-B976-4DE2-834A-3FACD19CEEF5}.Debug|Any CPU.ActiveCfg = Debug|Any CPU
		{438CAE57-B976-4DE2-834A-3FACD19CEEF5}.Debug|Any CPU.Build.0 = Debug|Any CPU
		{438CAE57-B976-4DE2-834A-3FACD19CEEF5}.Release|Any CPU.ActiveCfg = Release|Any CPU
		{438CAE57-B976-4DE2-834A-3FACD19CEEF5}.Release|Any CPU.Build.0 = Release|Any CPU
		{184B1E9F-0D75-4B3D-82C2-983401A20159}.Debug|Any CPU.ActiveCfg = Debug|Any CPU
		{184B1E9F-0D75-4B3D-82C2-983401A20159}.Debug|Any CPU.Build.0 = Debug|Any CPU
		{184B1E9F-0D75-4B3D-82C2-983401A20159}.Release|Any CPU.ActiveCfg = Release|Any CPU
		{184B1E9F-0D75-4B3D-82C2-983401A20159}.Release|Any CPU.Build.0 = Release|Any CPU
		{55AA38C8-7D08-489C-A8BF-BA0B0F73C195}.Debug|Any CPU.ActiveCfg = Debug|Any CPU
		{55AA38C8-7D08-489C-A8BF-BA0B0F73C195}.Debug|Any CPU.Build.0 = Debug|Any CPU
		{55AA38C8-7D08-489C-A8BF-BA0B0F73C195}.Release|Any CPU.ActiveCfg = Release|Any CPU
		{55AA38C8-7D08-489C-A8BF-BA0B0F73C195}.Release|Any CPU.Build.0 = Release|Any CPU
		{ED5206B1-5549-4608-AC8D-10C44D50787E}.Debug|Any CPU.ActiveCfg = Debug|Any CPU
		{ED5206B1-5549-4608-AC8D-10C44D50787E}.Debug|Any CPU.Build.0 = Debug|Any CPU
		{ED5206B1-5549-4608-AC8D-10C44D50787E}.Release|Any CPU.ActiveCfg = Release|Any CPU
		{ED5206B1-5549-4608-AC8D-10C44D50787E}.Release|Any CPU.Build.0 = Release|Any CPU
		{69BFBC5A-7AEB-44C7-9121-FA9F06A76D23}.Debug|Any CPU.ActiveCfg = Debug|Any CPU
		{69BFBC5A-7AEB-44C7-9121-FA9F06A76D23}.Debug|Any CPU.Build.0 = Debug|Any CPU
		{69BFBC5A-7AEB-44C7-9121-FA9F06A76D23}.Release|Any CPU.ActiveCfg = Release|Any CPU
		{69BFBC5A-7AEB-44C7-9121-FA9F06A76D23}.Release|Any CPU.Build.0 = Release|Any CPU
		{A7A391F7-35C3-490F-B8CA-BA8327E79241}.Debug|Any CPU.ActiveCfg = Debug|Any CPU
		{A7A391F7-35C3-490F-B8CA-BA8327E79241}.Debug|Any CPU.Build.0 = Debug|Any CPU
		{A7A391F7-35C3-490F-B8CA-BA8327E79241}.Release|Any CPU.ActiveCfg = Release|Any CPU
		{A7A391F7-35C3-490F-B8CA-BA8327E79241}.Release|Any CPU.Build.0 = Release|Any CPU
	EndGlobalSection
	GlobalSection(SolutionProperties) = preSolution
		HideSolutionNode = FALSE
	EndGlobalSection
	GlobalSection(ExtensibilityGlobals) = postSolution
		SolutionGuid = {75B16DEA-52B3-49EE-AFD2-72CCC1D4AC88}
	EndGlobalSection
EndGlobal
