
Microsoft Visual Studio Solution File, Format Version 12.00
# Visual Studio Version 16
VisualStudioVersion = 16.0.31005.135
MinimumVisualStudioVersion = 10.0.40219.1
Project("{9A19103F-16F7-4668-BE54-9A1E7A4F7556}") = "EasterRaces", "..\01. Structure_Skeleton\EasterRaces\EasterRaces.csproj", "{952B58AA-C369-4D7B-99C4-C17645B9BDB7}"
EndProject
Global
	GlobalSection(SolutionConfigurationPlatforms) = preSolution
		Debug|Any CPU = Debug|Any CPU
		Release|Any CPU = Release|Any CPU
	EndGlobalSection
	GlobalSection(ProjectConfigurationPlatforms) = postSolution
		{952B58AA-C369-4D7B-99C4-C17645B9BDB7}.Debug|Any CPU.ActiveCfg = Debug|Any CPU
		{952B58AA-C369-4D7B-99C4-C17645B9BDB7}.Debug|Any CPU.Build.0 = Debug|Any CPU
		{952B58AA-C369-4D7B-99C4-C17645B9BDB7}.Release|Any CPU.ActiveCfg = Release|Any CPU
		{952B58AA-C369-4D7B-99C4-C17645B9BDB7}.Release|Any CPU.Build.0 = Release|Any CPU
	EndGlobalSection
	GlobalSection(SolutionProperties) = preSolution
		HideSolutionNode = FALSE
	EndGlobalSection
	GlobalSection(ExtensibilityGlobals) = postSolution
		SolutionGuid = {81946CD1-502D-49B2-8A7B-A373F1BC8A14}
	EndGlobalSection
EndGlobal
